PODS:
  - Amplify (1.9.1):
    - Amplify/Default (= 1.9.1)
  - Amplify/Default (1.9.1)
  - AmplifyPlugins/AWSCognitoAuthPlugin (1.9.1):
    - AWSAuthCore (~> 2.24.0)
    - AWSCognitoIdentityProvider (~> 2.24.0)
    - AWSCognitoIdentityProviderASF (~> 2.24.0)
    - AWSCore (~> 2.24.0)
    - AWSMobileClient (~> 2.24.0)
    - AWSPluginsCore (= 1.9.1)
  - AWSAuthCore (2.24.0):
    - AWSCore (= 2.24.0)
  - AWSCognitoIdentityProvider (2.24.0):
    - AWSCognitoIdentityProviderASF (= 2.24.0)
    - AWSCore (= 2.24.0)
  - AWSCognitoIdentityProviderASF (2.24.0)
  - AWSCore (2.24.0)
  - AWSMobileClient (2.24.0):
    - AWSAuthCore (= 2.24.0)
    - AWSCognitoIdentityProvider (= 2.24.0)
    - AWSCognitoIdentityProviderASF (= 2.24.0)
    - AWSCore (= 2.24.0)
  - AWSPluginsCore (1.9.1):
    - Amplify (= 1.9.1)
    - AWSCore (~> 2.24.0)

DEPENDENCIES:
  - Amplify
  - AmplifyPlugins/AWSCognitoAuthPlugin
  - AWSCore

SPEC REPOS:
  trunk:
    - Amplify
    - AmplifyPlugins
    - AWSAuthCore
    - AWSCognitoIdentityProvider
    - AWSCognitoIdentityProviderASF
    - AWSCore
    - AWSMobileClient
    - AWSPluginsCore

SPEC CHECKSUMS:
  Amplify: 424fb27b96360ef59647c91ab7cc1acd64b107a9
  AmplifyPlugins: 35c951f0e97aaa8ba11e2b0ed9610d62ed60a2e0
  AWSAuthCore: f5325c5e076e8da6ad66932029ddb04451aa28cd
  AWSCognitoIdentityProvider: 874160e2f79fc957efd28745ee7389bccd59dfaf
  AWSCognitoIdentityProviderASF: a604ce4b892fe7be0729d22a77a36f8b641e35a4
  AWSCore: d5cd1311b33a4ae9faacda839c0ac9fff711cd79
  AWSMobileClient: 0cd4603f1dff10edb1e7b32e07753c864a21c5ed
  AWSPluginsCore: ffd554c493e6e46a45c2e71e4fbc33fbb3e00b7d

PODFILE CHECKSUM: ae33ca31a68c26e6590f4055bb8c7d86b2756f80

COCOAPODS: 1.10.1
